
Microsoft Visual Studio Solution File, Format Version 12.00
# Visual Studio Version 17
VisualStudioVersion = 17.8.34511.84
MinimumVisualStudioVersion = 10.0.40219.1
Project("{FAE04EC0-301F-11D3-BF4B-00C04F79EFBC}") = "review", "review.csproj", "{3620326F-A971-4B67-A0E2-4D91C553A13B}"
EndProject
Project("{FAE04EC0-301F-11D3-BF4B-00C04F79EFBC}") = "review1", "..\review1\review1.csproj", "{7EED3C97-E4BA-4F6F-9E4F-6E326B4D3ED6}"
EndProject
Project("{FAE04EC0-301F-11D3-BF4B-00C04F79EFBC}") = "review2", "..\review2\review2.csproj", "{563BA138-07DB-4A66-8574-9C827641E57B}"
EndProject
Project("{FAE04EC0-301F-11D3-BF4B-00C04F79EFBC}") = "conditional", "..\conditional\conditional.csproj", "{70E0140D-B723-4E11-B064-1DED2AE6721C}"
EndProject
Project("{FAE04EC0-301F-11D3-BF4B-00C04F79EFBC}") = "conditional1", "..\conditional1\conditional1.csproj", "{66F03EA5-2130-4D33-8D09-C93D98E33D32}"
EndProject
Global
	GlobalSection(SolutionConfigurationPlatforms) = preSolution
		Debug|Any CPU = Debug|Any CPU
		Release|Any CPU = Release|Any CPU
	EndGlobalSection
	GlobalSection(ProjectConfigurationPlatforms) = postSolution
		{3620326F-A971-4B67-A0E2-4D91C553A13B}.Debug|Any CPU.ActiveCfg = Debug|Any CPU
		{3620326F-A971-4B67-A0E2-4D91C553A13B}.Debug|Any CPU.Build.0 = Debug|Any CPU
		{3620326F-A971-4B67-A0E2-4D91C553A13B}.Release|Any CPU.ActiveCfg = Release|Any CPU
		{3620326F-A971-4B67-A0E2-4D91C553A13B}.Release|Any CPU.Build.0 = Release|Any CPU
		{7EED3C97-E4BA-4F6F-9E4F-6E326B4D3ED6}.Debug|Any CPU.ActiveCfg = Debug|Any CPU
		{7EED3C97-E4BA-4F6F-9E4F-6E326B4D3ED6}.Debug|Any CPU.Build.0 = Debug|Any CPU
		{7EED3C97-E4BA-4F6F-9E4F-6E326B4D3ED6}.Release|Any CPU.ActiveCfg = Release|Any CPU
		{7EED3C97-E4BA-4F6F-9E4F-6E326B4D3ED6}.Release|Any CPU.Build.0 = Release|Any CPU
		{563BA138-07DB-4A66-8574-9C827641E57B}.Debug|Any CPU.ActiveCfg = Debug|Any CPU
		{563BA138-07DB-4A66-8574-9C827641E57B}.Debug|Any CPU.Build.0 = Debug|Any CPU
		{563BA138-07DB-4A66-8574-9C827641E57B}.Release|Any CPU.ActiveCfg = Release|Any CPU
		{563BA138-07DB-4A66-8574-9C827641E57B}.Release|Any CPU.Build.0 = Release|Any CPU
		{70E0140D-B723-4E11-B064-1DED2AE6721C}.Debug|Any CPU.ActiveCfg = Debug|Any CPU
		{70E0140D-B723-4E11-B064-1DED2AE6721C}.Debug|Any CPU.Build.0 = Debug|Any CPU
		{70E0140D-B723-4E11-B064-1DED2AE6721C}.Release|Any CPU.ActiveCfg = Release|Any CPU
		{70E0140D-B723-4E11-B064-1DED2AE6721C}.Release|Any CPU.Build.0 = Release|Any CPU
		{66F03EA5-2130-4D33-8D09-C93D98E33D32}.Debug|Any CPU.ActiveCfg = Debug|Any CPU
		{66F03EA5-2130-4D33-8D09-C93D98E33D32}.Debug|Any CPU.Build.0 = Debug|Any CPU
		{66F03EA5-2130-4D33-8D09-C93D98E33D32}.Release|Any CPU.ActiveCfg = Release|Any CPU
		{66F03EA5-2130-4D33-8D09-C93D98E33D32}.Release|Any CPU.Build.0 = Release|Any CPU
	EndGlobalSection
	GlobalSection(SolutionProperties) = preSolution
		HideSolutionNode = FALSE
	EndGlobalSection
	GlobalSection(ExtensibilityGlobals) = postSolution
		SolutionGuid = {023539C8-65BC-4E6F-AE45-20CDF54BCD55}
	EndGlobalSection
EndGlobal
