
Microsoft Visual Studio Solution File, Format Version 12.00
# Visual Studio Version 17
VisualStudioVersion = 17.9.34622.214
MinimumVisualStudioVersion = 10.0.40219.1
Project("{FAE04EC0-301F-11D3-BF4B-00C04F79EFBC}") = "oop", "oop\oop.csproj", "{2BC23AD2-BB23-48D6-A43F-2F5C85F2A206}"
EndProject
Project("{FAE04EC0-301F-11D3-BF4B-00C04F79EFBC}") = "StaticDataAndMembers", "StaticDataAndMembers\StaticDataAndMembers.csproj", "{5DEBBE94-21E3-4064-818C-CFA8B69C8043}"
EndProject
Project("{FAE04EC0-301F-11D3-BF4B-00C04F79EFBC}") = "encapsulation", "encapsulation\encapsulation.csproj", "{2DACAA54-9C77-4F99-B6FB-5D6D3A53E442}"
EndProject
Global
	GlobalSection(SolutionConfigurationPlatforms) = preSolution
		Debug|Any CPU = Debug|Any CPU
		Release|Any CPU = Release|Any CPU
	EndGlobalSection
	GlobalSection(ProjectConfigurationPlatforms) = postSolution
		{2BC23AD2-BB23-48D6-A43F-2F5C85F2A206}.Debug|Any CPU.ActiveCfg = Debug|Any CPU
		{2BC23AD2-BB23-48D6-A43F-2F5C85F2A206}.Debug|Any CPU.Build.0 = Debug|Any CPU
		{2BC23AD2-BB23-48D6-A43F-2F5C85F2A206}.Release|Any CPU.ActiveCfg = Release|Any CPU
		{2BC23AD2-BB23-48D6-A43F-2F5C85F2A206}.Release|Any CPU.Build.0 = Release|Any CPU
		{5DEBBE94-21E3-4064-818C-CFA8B69C8043}.Debug|Any CPU.ActiveCfg = Debug|Any CPU
		{5DEBBE94-21E3-4064-818C-CFA8B69C8043}.Debug|Any CPU.Build.0 = Debug|Any CPU
		{5DEBBE94-21E3-4064-818C-CFA8B69C8043}.Release|Any CPU.ActiveCfg = Release|Any CPU
		{5DEBBE94-21E3-4064-818C-CFA8B69C8043}.Release|Any CPU.Build.0 = Release|Any CPU
		{2DACAA54-9C77-4F99-B6FB-5D6D3A53E442}.Debug|Any CPU.ActiveCfg = Debug|Any CPU
		{2DACAA54-9C77-4F99-B6FB-5D6D3A53E442}.Debug|Any CPU.Build.0 = Debug|Any CPU
		{2DACAA54-9C77-4F99-B6FB-5D6D3A53E442}.Release|Any CPU.ActiveCfg = Release|Any CPU
		{2DACAA54-9C77-4F99-B6FB-5D6D3A53E442}.Release|Any CPU.Build.0 = Release|Any CPU
	EndGlobalSection
	GlobalSection(SolutionProperties) = preSolution
		HideSolutionNode = FALSE
	EndGlobalSection
	GlobalSection(ExtensibilityGlobals) = postSolution
		SolutionGuid = {45DB2AF1-45AF-4D8F-8D18-1DF6F7508D7C}
	EndGlobalSection
EndGlobal
