
Microsoft Visual Studio Solution File, Format Version 12.00
# Visual Studio Version 17
VisualStudioVersion = 17.8.34511.84
MinimumVisualStudioVersion = 10.0.40219.1
Project("{FAE04EC0-301F-11D3-BF4B-00C04F79EFBC}") = "oop", "oop.csproj", "{A7553D54-455A-41AC-BA3B-5BD715B5EE9C}"
EndProject
Global
	GlobalSection(SolutionConfigurationPlatforms) = preSolution
		Debug|Any CPU = Debug|Any CPU
		Release|Any CPU = Release|Any CPU
	EndGlobalSection
	GlobalSection(ProjectConfigurationPlatforms) = postSolution
		{A7553D54-455A-41AC-BA3B-5BD715B5EE9C}.Debug|Any CPU.ActiveCfg = Debug|Any CPU
		{A7553D54-455A-41AC-BA3B-5BD715B5EE9C}.Debug|Any CPU.Build.0 = Debug|Any CPU
		{A7553D54-455A-41AC-BA3B-5BD715B5EE9C}.Release|Any CPU.ActiveCfg = Release|Any CPU
		{A7553D54-455A-41AC-BA3B-5BD715B5EE9C}.Release|Any CPU.Build.0 = Release|Any CPU
	EndGlobalSection
	GlobalSection(SolutionProperties) = preSolution
		HideSolutionNode = FALSE
	EndGlobalSection
	GlobalSection(ExtensibilityGlobals) = postSolution
		SolutionGuid = {3162C773-5A54-47A6-BA0B-738AD84CFF91}
	EndGlobalSection
EndGlobal
