
Microsoft Visual Studio Solution File, Format Version 12.00
# Visual Studio Version 17
VisualStudioVersion = 17.9.34607.119
MinimumVisualStudioVersion = 10.0.40219.1
Project("{FAE04EC0-301F-11D3-BF4B-00C04F79EFBC}") = "review", "review\review.csproj", "{16379591-921D-4FA3-AFA5-9EE6A3CC0C0C}"
EndProject
Project("{FAE04EC0-301F-11D3-BF4B-00C04F79EFBC}") = "oop", "oop\oop.csproj", "{77DCEDDD-ED51-40B3-A574-92EE4AB8061D}"
EndProject
Global
	GlobalSection(SolutionConfigurationPlatforms) = preSolution
		Debug|Any CPU = Debug|Any CPU
		Release|Any CPU = Release|Any CPU
	EndGlobalSection
	GlobalSection(ProjectConfigurationPlatforms) = postSolution
		{16379591-921D-4FA3-AFA5-9EE6A3CC0C0C}.Debug|Any CPU.ActiveCfg = Debug|Any CPU
		{16379591-921D-4FA3-AFA5-9EE6A3CC0C0C}.Debug|Any CPU.Build.0 = Debug|Any CPU
		{16379591-921D-4FA3-AFA5-9EE6A3CC0C0C}.Release|Any CPU.ActiveCfg = Release|Any CPU
		{16379591-921D-4FA3-AFA5-9EE6A3CC0C0C}.Release|Any CPU.Build.0 = Release|Any CPU
		{77DCEDDD-ED51-40B3-A574-92EE4AB8061D}.Debug|Any CPU.ActiveCfg = Debug|Any CPU
		{77DCEDDD-ED51-40B3-A574-92EE4AB8061D}.Debug|Any CPU.Build.0 = Debug|Any CPU
		{77DCEDDD-ED51-40B3-A574-92EE4AB8061D}.Release|Any CPU.ActiveCfg = Release|Any CPU
		{77DCEDDD-ED51-40B3-A574-92EE4AB8061D}.Release|Any CPU.Build.0 = Release|Any CPU
	EndGlobalSection
	GlobalSection(SolutionProperties) = preSolution
		HideSolutionNode = FALSE
	EndGlobalSection
	GlobalSection(ExtensibilityGlobals) = postSolution
		SolutionGuid = {77BCE810-2CFE-47E1-BD75-CA4A6BDBF812}
	EndGlobalSection
EndGlobal
